
Microsoft Visual Studio Solution File, Format Version 12.00
# Visual Studio Version 16
VisualStudioVersion = 16.0.30907.101
MinimumVisualStudioVersion = 10.0.40219.1
Project("{FAE04EC0-301F-11D3-BF4B-00C04F79EFBC}") = "TwitterBotAppCovid", "TwitterBotAppCovid\TwitterBotAppCovid.csproj", "{A9400A35-11E7-4EE4-9874-1AE7F2A382F8}"
EndProject
Global
	GlobalSection(SolutionConfigurationPlatforms) = preSolution
		Debug|Any CPU = Debug|Any CPU
		Release|Any CPU = Release|Any CPU
	EndGlobalSection
	GlobalSection(ProjectConfigurationPlatforms) = postSolution
		{A9400A35-11E7-4EE4-9874-1AE7F2A382F8}.Debug|Any CPU.ActiveCfg = Debug|Any CPU
		{A9400A35-11E7-4EE4-9874-1AE7F2A382F8}.Debug|Any CPU.Build.0 = Debug|Any CPU
		{A9400A35-11E7-4EE4-9874-1AE7F2A382F8}.Release|Any CPU.ActiveCfg = Release|Any CPU
		{A9400A35-11E7-4EE4-9874-1AE7F2A382F8}.Release|Any CPU.Build.0 = Release|Any CPU
	EndGlobalSection
	GlobalSection(SolutionProperties) = preSolution
		HideSolutionNode = FALSE
	EndGlobalSection
	GlobalSection(ExtensibilityGlobals) = postSolution
		SolutionGuid = {147D8F34-4B66-4AB5-8530-AD799616BDC8}
	EndGlobalSection
EndGlobal
